
Microsoft Visual Studio Solution File, Format Version 12.00
# Visual Studio Version 16
VisualStudioVersion = 16.0.30621.155
MinimumVisualStudioVersion = 10.0.40219.1
Project("{FAE04EC0-301F-11D3-BF4B-00C04F79EFBC}") = "MVVMDemo", "MVVMDemo.csproj", "{33E253A9-FAE4-468C-9962-32D9758E62FC}"
EndProject
Global
	GlobalSection(SolutionConfigurationPlatforms) = preSolution
		Debug|Any CPU = Debug|Any CPU
		Release|Any CPU = Release|Any CPU
	EndGlobalSection
	GlobalSection(ProjectConfigurationPlatforms) = postSolution
		{33E253A9-FAE4-468C-9962-32D9758E62FC}.Debug|Any CPU.ActiveCfg = Debug|Any CPU
		{33E253A9-FAE4-468C-9962-32D9758E62FC}.Debug|Any CPU.Build.0 = Debug|Any CPU
		{33E253A9-FAE4-468C-9962-32D9758E62FC}.Release|Any CPU.ActiveCfg = Release|Any CPU
		{33E253A9-FAE4-468C-9962-32D9758E62FC}.Release|Any CPU.Build.0 = Release|Any CPU
	EndGlobalSection
	GlobalSection(SolutionProperties) = preSolution
		HideSolutionNode = FALSE
	EndGlobalSection
	GlobalSection(ExtensibilityGlobals) = postSolution
		SolutionGuid = {3E963343-ED2C-4268-87E9-0A522F62E6DC}
	EndGlobalSection
EndGlobal
